
Microsoft Visual Studio Solution File, Format Version 12.00
# Visual Studio Version 17
VisualStudioVersion = 17.0.31903.59
MinimumVisualStudioVersion = 10.0.40219.1
Project("{FAE04EC0-301F-11D3-BF4B-00C04F79EFBC}") = "Nano-Backend", "Nano-Backend.csproj", "{4F97ADCE-5983-4C48-B9BF-ED25E0E64324}"
EndProject
Global
	GlobalSection(SolutionConfigurationPlatforms) = preSolution
		Debug|Any CPU = Debug|Any CPU
		Release|Any CPU = Release|Any CPU
	EndGlobalSection
	GlobalSection(SolutionProperties) = preSolution
		HideSolutionNode = FALSE
	EndGlobalSection
	GlobalSection(ProjectConfigurationPlatforms) = postSolution
		{4F97ADCE-5983-4C48-B9BF-ED25E0E64324}.Debug|Any CPU.ActiveCfg = Debug|Any CPU
		{4F97ADCE-5983-4C48-B9BF-ED25E0E64324}.Debug|Any CPU.Build.0 = Debug|Any CPU
		{4F97ADCE-5983-4C48-B9BF-ED25E0E64324}.Release|Any CPU.ActiveCfg = Release|Any CPU
		{4F97ADCE-5983-4C48-B9BF-ED25E0E64324}.Release|Any CPU.Build.0 = Release|Any CPU
	EndGlobalSection
EndGlobal
